
Microsoft Visual Studio Solution File, Format Version 12.00
# Visual Studio 15
VisualStudioVersion = 15.0.27428.2015
MinimumVisualStudioVersion = 10.0.40219.1
Project("{FAE04EC0-301F-11D3-BF4B-00C04F79EFBC}") = "ImageService", "ImageService\ImageService.csproj", "{1267F788-2C86-4060-9112-5693A50104E8}"
EndProject
Project("{FAE04EC0-301F-11D3-BF4B-00C04F79EFBC}") = "ImageServiceGUI", "ImageServiceGUI\ImageServiceGUI.csproj", "{82EF9D6C-9F5C-40BE-8CFC-5EC7CDF34E70}"
EndProject
Project("{FAE04EC0-301F-11D3-BF4B-00C04F79EFBC}") = "Communication", "Communication\Communication.csproj", "{126F44AA-4BDD-4790-8CE1-9A7F516FA038}"
EndProject
Project("{FAE04EC0-301F-11D3-BF4B-00C04F79EFBC}") = "Infrastructure", "Infrastructure\Infrastructure.csproj", "{F4A63CF6-341F-406E-841C-28279795D41C}"
EndProject
Project("{FAE04EC0-301F-11D3-BF4B-00C04F79EFBC}") = "ImageServiceWebApp", "ImageServiceWebApp\ImageServiceWebApp.csproj", "{980633DF-B69A-48E2-91E9-A3AD3F798B88}"
EndProject
Global
	GlobalSection(SolutionConfigurationPlatforms) = preSolution
		Debug|Any CPU = Debug|Any CPU
		Release|Any CPU = Release|Any CPU
	EndGlobalSection
	GlobalSection(ProjectConfigurationPlatforms) = postSolution
		{1267F788-2C86-4060-9112-5693A50104E8}.Debug|Any CPU.ActiveCfg = Debug|Any CPU
		{1267F788-2C86-4060-9112-5693A50104E8}.Debug|Any CPU.Build.0 = Debug|Any CPU
		{1267F788-2C86-4060-9112-5693A50104E8}.Release|Any CPU.ActiveCfg = Release|Any CPU
		{1267F788-2C86-4060-9112-5693A50104E8}.Release|Any CPU.Build.0 = Release|Any CPU
		{82EF9D6C-9F5C-40BE-8CFC-5EC7CDF34E70}.Debug|Any CPU.ActiveCfg = Debug|Any CPU
		{82EF9D6C-9F5C-40BE-8CFC-5EC7CDF34E70}.Debug|Any CPU.Build.0 = Debug|Any CPU
		{82EF9D6C-9F5C-40BE-8CFC-5EC7CDF34E70}.Release|Any CPU.ActiveCfg = Release|Any CPU
		{82EF9D6C-9F5C-40BE-8CFC-5EC7CDF34E70}.Release|Any CPU.Build.0 = Release|Any CPU
		{126F44AA-4BDD-4790-8CE1-9A7F516FA038}.Debug|Any CPU.ActiveCfg = Debug|Any CPU
		{126F44AA-4BDD-4790-8CE1-9A7F516FA038}.Debug|Any CPU.Build.0 = Debug|Any CPU
		{126F44AA-4BDD-4790-8CE1-9A7F516FA038}.Release|Any CPU.ActiveCfg = Release|Any CPU
		{126F44AA-4BDD-4790-8CE1-9A7F516FA038}.Release|Any CPU.Build.0 = Release|Any CPU
		{F4A63CF6-341F-406E-841C-28279795D41C}.Debug|Any CPU.ActiveCfg = Debug|Any CPU
		{F4A63CF6-341F-406E-841C-28279795D41C}.Debug|Any CPU.Build.0 = Debug|Any CPU
		{F4A63CF6-341F-406E-841C-28279795D41C}.Release|Any CPU.ActiveCfg = Release|Any CPU
		{F4A63CF6-341F-406E-841C-28279795D41C}.Release|Any CPU.Build.0 = Release|Any CPU
		{980633DF-B69A-48E2-91E9-A3AD3F798B88}.Debug|Any CPU.ActiveCfg = Debug|Any CPU
		{980633DF-B69A-48E2-91E9-A3AD3F798B88}.Debug|Any CPU.Build.0 = Debug|Any CPU
		{980633DF-B69A-48E2-91E9-A3AD3F798B88}.Release|Any CPU.ActiveCfg = Release|Any CPU
		{980633DF-B69A-48E2-91E9-A3AD3F798B88}.Release|Any CPU.Build.0 = Release|Any CPU
	EndGlobalSection
	GlobalSection(SolutionProperties) = preSolution
		HideSolutionNode = FALSE
	EndGlobalSection
	GlobalSection(ExtensibilityGlobals) = postSolution
		SolutionGuid = {C63CBFED-EADB-4AF4-9073-B45B75C5E7EC}
	EndGlobalSection
EndGlobal
